
Microsoft Visual Studio Solution File, Format Version 12.00
# Visual Studio 15
VisualStudioVersion = 15.0.28010.2026
MinimumVisualStudioVersion = 10.0.40219.1
Project("{FAE04EC0-301F-11D3-BF4B-00C04F79EFBC}") = "GitTest1", "GitTest1\GitTest1.csproj", "{B28DF651-CF03-4B2A-8943-2496A09D716D}"
EndProject
Global
	GlobalSection(SolutionConfigurationPlatforms) = preSolution
		Debug|Any CPU = Debug|Any CPU
		Release|Any CPU = Release|Any CPU
	EndGlobalSection
	GlobalSection(ProjectConfigurationPlatforms) = postSolution
		{B28DF651-CF03-4B2A-8943-2496A09D716D}.Debug|Any CPU.ActiveCfg = Debug|Any CPU
		{B28DF651-CF03-4B2A-8943-2496A09D716D}.Debug|Any CPU.Build.0 = Debug|Any CPU
		{B28DF651-CF03-4B2A-8943-2496A09D716D}.Release|Any CPU.ActiveCfg = Release|Any CPU
		{B28DF651-CF03-4B2A-8943-2496A09D716D}.Release|Any CPU.Build.0 = Release|Any CPU
	EndGlobalSection
	GlobalSection(SolutionProperties) = preSolution
		HideSolutionNode = FALSE
	EndGlobalSection
	GlobalSection(ExtensibilityGlobals) = postSolution
		SolutionGuid = {6862C911-49B8-4558-8EE6-82CF4CEE2F50}
	EndGlobalSection
EndGlobal
